
Microsoft Visual Studio Solution File, Format Version 12.00
# Visual Studio Version 16
VisualStudioVersion = 16.0.31105.61
MinimumVisualStudioVersion = 10.0.40219.1
Project("{FAE04EC0-301F-11D3-BF4B-00C04F79EFBC}") = "Juste prix", "Juste prix\Juste prix.csproj", "{8BB552E9-D862-483C-9014-91F471F6C2A3}"
EndProject
Global
	GlobalSection(SolutionConfigurationPlatforms) = preSolution
		Debug|Any CPU = Debug|Any CPU
		Release|Any CPU = Release|Any CPU
	EndGlobalSection
	GlobalSection(ProjectConfigurationPlatforms) = postSolution
		{8BB552E9-D862-483C-9014-91F471F6C2A3}.Debug|Any CPU.ActiveCfg = Debug|Any CPU
		{8BB552E9-D862-483C-9014-91F471F6C2A3}.Debug|Any CPU.Build.0 = Debug|Any CPU
		{8BB552E9-D862-483C-9014-91F471F6C2A3}.Release|Any CPU.ActiveCfg = Release|Any CPU
		{8BB552E9-D862-483C-9014-91F471F6C2A3}.Release|Any CPU.Build.0 = Release|Any CPU
	EndGlobalSection
	GlobalSection(SolutionProperties) = preSolution
		HideSolutionNode = FALSE
	EndGlobalSection
	GlobalSection(ExtensibilityGlobals) = postSolution
		SolutionGuid = {1FC72F0A-7A6C-4797-A25D-1B8FFF2E8541}
	EndGlobalSection
EndGlobal
